// !$*UTF8*$!
{
	archiveVersion = 1;
	classes = {
	};
	objectVersion = 56;
	objects = {

/* Begin PBXBuildFile section */
		B38F3CE92B3478FC00117D7A /* main.swift in Sources */ = {isa = PBXBuildFile; fileRef = B38F3CE82B3478FC00117D7A /* main.swift */; };
		B38F3CF12B34796600117D7A /* SDL in Frameworks */ = {isa = PBXBuildFile; productRef = B38F3CF02B34796600117D7A /* SDL */; };
		B38F3CF52B3497A400117D7A /* App.swift in Sources */ = {isa = PBXBuildFile; fileRef = B38F3CF42B3497A400117D7A /* App.swift */; };
		B38F3CF72B34987B00117D7A /* Log.swift in Sources */ = {isa = PBXBuildFile; fileRef = B38F3CF62B34987B00117D7A /* Log.swift */; };
		B3CA52B12B3C77F6000FC305 /* Surface.swift in Sources */ = {isa = PBXBuildFile; fileRef = B3CA52B02B3C77F6000FC305 /* Surface.swift */; };
		B3CA52B32B3C7D1C000FC305 /* Texture.swift in Sources */ = {isa = PBXBuildFile; fileRef = B3CA52B22B3C7D1C000FC305 /* Texture.swift */; };
		B3CA52B52B3C7E75000FC305 /* Renderer.swift in Sources */ = {isa = PBXBuildFile; fileRef = B3CA52B42B3C7E75000FC305 /* Renderer.swift */; };
		B3CA52B72B3C7EC4000FC305 /* Window.swift in Sources */ = {isa = PBXBuildFile; fileRef = B3CA52B62B3C7EC4000FC305 /* Window.swift */; };
		B3CA52B92B3C7EDB000FC305 /* Rect.swift in Sources */ = {isa = PBXBuildFile; fileRef = B3CA52B82B3C7EDB000FC305 /* Rect.swift */; };
		B3CA52BB2B3C8C8F000FC305 /* Scene.swift in Sources */ = {isa = PBXBuildFile; fileRef = B3CA52BA2B3C8C8F000FC305 /* Scene.swift */; };
/* End PBXBuildFile section */

/* Begin PBXCopyFilesBuildPhase section */
		B38F3CE32B3478FC00117D7A /* CopyFiles */ = {
			isa = PBXCopyFilesBuildPhase;
			buildActionMask = 2147483647;
			dstPath = /usr/share/man/man1/;
			dstSubfolderSpec = 0;
			files = (
			);
			runOnlyForDeploymentPostprocessing = 1;
		};
/* End PBXCopyFilesBuildPhase section */

/* Begin PBXFileReference section */
		B38F3CE52B3478FC00117D7A /* SdlDemo */ = {isa = PBXFileReference; explicitFileType = "compiled.mach-o.executable"; includeInIndex = 0; path = SdlDemo; sourceTree = BUILT_PRODUCTS_DIR; };
		B38F3CE82B3478FC00117D7A /* main.swift */ = {isa = PBXFileReference; lastKnownFileType = sourcecode.swift; path = main.swift; sourceTree = "<group>"; };
		B38F3CF42B3497A400117D7A /* App.swift */ = {isa = PBXFileReference; lastKnownFileType = sourcecode.swift; path = App.swift; sourceTree = "<group>"; };
		B38F3CF62B34987B00117D7A /* Log.swift */ = {isa = PBXFileReference; lastKnownFileType = sourcecode.swift; path = Log.swift; sourceTree = "<group>"; };
		B3CA52AF2B3C5DB7000FC305 /* Headers */ = {isa = PBXFileReference; lastKnownFileType = folder; name = Headers; path = "../../../Library/Developer/Xcode/DerivedData/SdlDemo-agdsmsvwxkpflwfxbqhittonamno/SourcePackages/checkouts/SwiftSDL2/SDL2.xcframework/macos-arm64_x86_64/Headers"; sourceTree = "<group>"; };
		B3CA52B02B3C77F6000FC305 /* Surface.swift */ = {isa = PBXFileReference; lastKnownFileType = sourcecode.swift; path = Surface.swift; sourceTree = "<group>"; };
		B3CA52B22B3C7D1C000FC305 /* Texture.swift */ = {isa = PBXFileReference; lastKnownFileType = sourcecode.swift; path = Texture.swift; sourceTree = "<group>"; };
		B3CA52B42B3C7E75000FC305 /* Renderer.swift */ = {isa = PBXFileReference; lastKnownFileType = sourcecode.swift; path = Renderer.swift; sourceTree = "<group>"; };
		B3CA52B62B3C7EC4000FC305 /* Window.swift */ = {isa = PBXFileReference; lastKnownFileType = sourcecode.swift; path = Window.swift; sourceTree = "<group>"; };
		B3CA52B82B3C7EDB000FC305 /* Rect.swift */ = {isa = PBXFileReference; lastKnownFileType = sourcecode.swift; path = Rect.swift; sourceTree = "<group>"; };
		B3CA52BA2B3C8C8F000FC305 /* Scene.swift */ = {isa = PBXFileReference; lastKnownFileType = sourcecode.swift; path = Scene.swift; sourceTree = "<group>"; };
/* End PBXFileReference section */

/* Begin PBXFrameworksBuildPhase section */
		B38F3CE22B3478FC00117D7A /* Frameworks */ = {
			isa = PBXFrameworksBuildPhase;
			buildActionMask = 2147483647;
			files = (
				B38F3CF12B34796600117D7A /* SDL in Frameworks */,
			);
			runOnlyForDeploymentPostprocessing = 0;
		};
/* End PBXFrameworksBuildPhase section */

/* Begin PBXGroup section */
		B38F3CDC2B3478FC00117D7A = {
			isa = PBXGroup;
			children = (
				B3CA52AF2B3C5DB7000FC305 /* Headers */,
				B38F3CE72B3478FC00117D7A /* SdlDemo */,
				B38F3CE62B3478FC00117D7A /* Products */,
			);
			sourceTree = "<group>";
		};
		B38F3CE62B3478FC00117D7A /* Products */ = {
			isa = PBXGroup;
			children = (
				B38F3CE52B3478FC00117D7A /* SdlDemo */,
			);
			name = Products;
			sourceTree = "<group>";
		};
		B38F3CE72B3478FC00117D7A /* SdlDemo */ = {
			isa = PBXGroup;
			children = (
				B38F3CE82B3478FC00117D7A /* main.swift */,
				B38F3CF42B3497A400117D7A /* App.swift */,
				B38F3CF62B34987B00117D7A /* Log.swift */,
				B3CA52B82B3C7EDB000FC305 /* Rect.swift */,
				B3CA52B42B3C7E75000FC305 /* Renderer.swift */,
				B3CA52BA2B3C8C8F000FC305 /* Scene.swift */,
				B3CA52B02B3C77F6000FC305 /* Surface.swift */,
				B3CA52B22B3C7D1C000FC305 /* Texture.swift */,
				B3CA52B62B3C7EC4000FC305 /* Window.swift */,
			);
			path = SdlDemo;
			sourceTree = "<group>";
		};
/* End PBXGroup section */

/* Begin PBXNativeTarget section */
		B38F3CE42B3478FC00117D7A /* SdlDemo */ = {
			isa = PBXNativeTarget;
			buildConfigurationList = B38F3CEC2B3478FC00117D7A /* Build configuration list for PBXNativeTarget "SdlDemo" */;
			buildPhases = (
				B38F3CE12B3478FC00117D7A /* Sources */,
				B38F3CE22B3478FC00117D7A /* Frameworks */,
				B38F3CE32B3478FC00117D7A /* CopyFiles */,
			);
			buildRules = (
			);
			dependencies = (
			);
			name = SdlDemo;
			packageProductDependencies = (
				B38F3CF02B34796600117D7A /* SDL */,
			);
			productName = SdlDemo;
			productReference = B38F3CE52B3478FC00117D7A /* SdlDemo */;
			productType = "com.apple.product-type.tool";
		};
/* End PBXNativeTarget section */

/* Begin PBXProject section */
		B38F3CDD2B3478FC00117D7A /* Project object */ = {
			isa = PBXProject;
			attributes = {
				BuildIndependentTargetsInParallel = 1;
				LastSwiftUpdateCheck = 1500;
				LastUpgradeCheck = 1500;
				TargetAttributes = {
					B38F3CE42B3478FC00117D7A = {
						CreatedOnToolsVersion = 15.0.1;
					};
				};
			};
			buildConfigurationList = B38F3CE02B3478FC00117D7A /* Build configuration list for PBXProject "SdlDemo" */;
			compatibilityVersion = "Xcode 14.0";
			developmentRegion = en;
			hasScannedForEncodings = 0;
			knownRegions = (
				en,
				Base,
			);
			mainGroup = B38F3CDC2B3478FC00117D7A;
			packageReferences = (
				B38F3CEF2B34796600117D7A /* XCRemoteSwiftPackageReference "SwiftSDL2" */,
			);
			productRefGroup = B38F3CE62B3478FC00117D7A /* Products */;
			projectDirPath = "";
			projectRoot = "";
			targets = (
				B38F3CE42B3478FC00117D7A /* SdlDemo */,
			);
		};
/* End PBXProject section */

/* Begin PBXSourcesBuildPhase section */
		B38F3CE12B3478FC00117D7A /* Sources */ = {
			isa = PBXSourcesBuildPhase;
			buildActionMask = 2147483647;
			files = (
				B38F3CF52B3497A400117D7A /* App.swift in Sources */,
				B3CA52B92B3C7EDB000FC305 /* Rect.swift in Sources */,
				B3CA52B32B3C7D1C000FC305 /* Texture.swift in Sources */,
				B3CA52B52B3C7E75000FC305 /* Renderer.swift in Sources */,
				B38F3CF72B34987B00117D7A /* Log.swift in Sources */,
				B38F3CE92B3478FC00117D7A /* main.swift in Sources */,
				B3CA52B12B3C77F6000FC305 /* Surface.swift in Sources */,
				B3CA52B72B3C7EC4000FC305 /* Window.swift in Sources */,
				B3CA52BB2B3C8C8F000FC305 /* Scene.swift in Sources */,
			);
			runOnlyForDeploymentPostprocessing = 0;
		};
/* End PBXSourcesBuildPhase section */

/* Begin XCBuildConfiguration section */
		B38F3CEA2B3478FC00117D7A /* Debug */ = {
			isa = XCBuildConfiguration;
			buildSettings = {
				ALWAYS_SEARCH_USER_PATHS = NO;
				ASSETCATALOG_COMPILER_GENERATE_SWIFT_ASSET_SYMBOL_EXTENSIONS = YES;
				CLANG_ANALYZER_NONNULL = YES;
				CLANG_ANALYZER_NUMBER_OBJECT_CONVERSION = YES_AGGRESSIVE;
				CLANG_CXX_LANGUAGE_STANDARD = "gnu++20";
				CLANG_ENABLE_MODULES = YES;
				CLANG_ENABLE_OBJC_ARC = YES;
				CLANG_ENABLE_OBJC_WEAK = YES;
				CLANG_WARN_BLOCK_CAPTURE_AUTORELEASING = YES;
				CLANG_WARN_BOOL_CONVERSION = YES;
				CLANG_WARN_COMMA = YES;
				CLANG_WARN_CONSTANT_CONVERSION = YES;
				CLANG_WARN_DEPRECATED_OBJC_IMPLEMENTATIONS = YES;
				CLANG_WARN_DIRECT_OBJC_ISA_USAGE = YES_ERROR;
				CLANG_WARN_DOCUMENTATION_COMMENTS = YES;
				CLANG_WARN_EMPTY_BODY = YES;
				CLANG_WARN_ENUM_CONVERSION = YES;
				CLANG_WARN_INFINITE_RECURSION = YES;
				CLANG_WARN_INT_CONVERSION = YES;
				CLANG_WARN_NON_LITERAL_NULL_CONVERSION = YES;
				CLANG_WARN_OBJC_IMPLICIT_RETAIN_SELF = YES;
				CLANG_WARN_OBJC_LITERAL_CONVERSION = YES;
				CLANG_WARN_OBJC_ROOT_CLASS = YES_ERROR;
				CLANG_WARN_QUOTED_INCLUDE_IN_FRAMEWORK_HEADER = YES;
				CLANG_WARN_RANGE_LOOP_ANALYSIS = YES;
				CLANG_WARN_STRICT_PROTOTYPES = YES;
				CLANG_WARN_SUSPICIOUS_MOVE = YES;
				CLANG_WARN_UNGUARDED_AVAILABILITY = YES_AGGRESSIVE;
				CLANG_WARN_UNREACHABLE_CODE = YES;
				CLANG_WARN__DUPLICATE_METHOD_MATCH = YES;
				COPY_PHASE_STRIP = NO;
				DEBUG_INFORMATION_FORMAT = dwarf;
				ENABLE_STRICT_OBJC_MSGSEND = YES;
				ENABLE_TESTABILITY = YES;
				ENABLE_USER_SCRIPT_SANDBOXING = YES;
				GCC_C_LANGUAGE_STANDARD = gnu17;
				GCC_DYNAMIC_NO_PIC = NO;
				GCC_NO_COMMON_BLOCKS = YES;
				GCC_OPTIMIZATION_LEVEL = 0;
				GCC_PREPROCESSOR_DEFINITIONS = (
					"DEBUG=1",
					"$(inherited)",
				);
				GCC_WARN_64_TO_32_BIT_CONVERSION = YES;
				GCC_WARN_ABOUT_RETURN_TYPE = YES_ERROR;
				GCC_WARN_UNDECLARED_SELECTOR = YES;
				GCC_WARN_UNINITIALIZED_AUTOS = YES_AGGRESSIVE;
				GCC_WARN_UNUSED_FUNCTION = YES;
				GCC_WARN_UNUSED_VARIABLE = YES;
				LOCALIZATION_PREFERS_STRING_CATALOGS = YES;
				MACOSX_DEPLOYMENT_TARGET = 14.0;
				MTL_ENABLE_DEBUG_INFO = INCLUDE_SOURCE;
				MTL_FAST_MATH = YES;
				ONLY_ACTIVE_ARCH = YES;
				SDKROOT = macosx;
				SWIFT_ACTIVE_COMPILATION_CONDITIONS = "DEBUG $(inherited)";
				SWIFT_OPTIMIZATION_LEVEL = "-Onone";
			};
			name = Debug;
		};
		B38F3CEB2B3478FC00117D7A /* Release */ = {
			isa = XCBuildConfiguration;
			buildSettings = {
				ALWAYS_SEARCH_USER_PATHS = NO;
				ASSETCATALOG_COMPILER_GENERATE_SWIFT_ASSET_SYMBOL_EXTENSIONS = YES;
				CLANG_ANALYZER_NONNULL = YES;
				CLANG_ANALYZER_NUMBER_OBJECT_CONVERSION = YES_AGGRESSIVE;
				CLANG_CXX_LANGUAGE_STANDARD = "gnu++20";
				CLANG_ENABLE_MODULES = YES;
				CLANG_ENABLE_OBJC_ARC = YES;
				CLANG_ENABLE_OBJC_WEAK = YES;
				CLANG_WARN_BLOCK_CAPTURE_AUTORELEASING = YES;
				CLANG_WARN_BOOL_CONVERSION = YES;
				CLANG_WARN_COMMA = YES;
				CLANG_WARN_CONSTANT_CONVERSION = YES;
				CLANG_WARN_DEPRECATED_OBJC_IMPLEMENTATIONS = YES;
				CLANG_WARN_DIRECT_OBJC_ISA_USAGE = YES_ERROR;
				CLANG_WARN_DOCUMENTATION_COMMENTS = YES;
				CLANG_WARN_EMPTY_BODY = YES;
				CLANG_WARN_ENUM_CONVERSION = YES;
				CLANG_WARN_INFINITE_RECURSION = YES;
				CLANG_WARN_INT_CONVERSION = YES;
				CLANG_WARN_NON_LITERAL_NULL_CONVERSION = YES;
				CLANG_WARN_OBJC_IMPLICIT_RETAIN_SELF = YES;
				CLANG_WARN_OBJC_LITERAL_CONVERSION = YES;
				CLANG_WARN_OBJC_ROOT_CLASS = YES_ERROR;
				CLANG_WARN_QUOTED_INCLUDE_IN_FRAMEWORK_HEADER = YES;
				CLANG_WARN_RANGE_LOOP_ANALYSIS = YES;
				CLANG_WARN_STRICT_PROTOTYPES = YES;
				CLANG_WARN_SUSPICIOUS_MOVE = YES;
				CLANG_WARN_UNGUARDED_AVAILABILITY = YES_AGGRESSIVE;
				CLANG_WARN_UNREACHABLE_CODE = YES;
				CLANG_WARN__DUPLICATE_METHOD_MATCH = YES;
				COPY_PHASE_STRIP = NO;
				DEBUG_INFORMATION_FORMAT = "dwarf-with-dsym";
				ENABLE_NS_ASSERTIONS = NO;
				ENABLE_STRICT_OBJC_MSGSEND = YES;
				ENABLE_USER_SCRIPT_SANDBOXING = YES;
				GCC_C_LANGUAGE_STANDARD = gnu17;
				GCC_NO_COMMON_BLOCKS = YES;
				GCC_WARN_64_TO_32_BIT_CONVERSION = YES;
				GCC_WARN_ABOUT_RETURN_TYPE = YES_ERROR;
				GCC_WARN_UNDECLARED_SELECTOR = YES;
				GCC_WARN_UNINITIALIZED_AUTOS = YES_AGGRESSIVE;
				GCC_WARN_UNUSED_FUNCTION = YES;
				GCC_WARN_UNUSED_VARIABLE = YES;
				LOCALIZATION_PREFERS_STRING_CATALOGS = YES;
				MACOSX_DEPLOYMENT_TARGET = 14.0;
				MTL_ENABLE_DEBUG_INFO = NO;
				MTL_FAST_MATH = YES;
				SDKROOT = macosx;
				SWIFT_COMPILATION_MODE = wholemodule;
			};
			name = Release;
		};
		B38F3CED2B3478FC00117D7A /* Debug */ = {
			isa = XCBuildConfiguration;
			buildSettings = {
				CODE_SIGN_STYLE = Automatic;
				DEVELOPMENT_TEAM = SLTRK4ZY66;
				ENABLE_HARDENED_RUNTIME = YES;
				PRODUCT_NAME = "$(TARGET_NAME)";
				SWIFT_VERSION = 5.0;
			};
			name = Debug;
		};
		B38F3CEE2B3478FC00117D7A /* Release */ = {
			isa = XCBuildConfiguration;
			buildSettings = {
				CODE_SIGN_STYLE = Automatic;
				DEVELOPMENT_TEAM = SLTRK4ZY66;
				ENABLE_HARDENED_RUNTIME = YES;
				PRODUCT_NAME = "$(TARGET_NAME)";
				SWIFT_VERSION = 5.0;
			};
			name = Release;
		};
/* End XCBuildConfiguration section */

/* Begin XCConfigurationList section */
		B38F3CE02B3478FC00117D7A /* Build configuration list for PBXProject "SdlDemo" */ = {
			isa = XCConfigurationList;
			buildConfigurations = (
				B38F3CEA2B3478FC00117D7A /* Debug */,
				B38F3CEB2B3478FC00117D7A /* Release */,
			);
			defaultConfigurationIsVisible = 0;
			defaultConfigurationName = Release;
		};
		B38F3CEC2B3478FC00117D7A /* Build configuration list for PBXNativeTarget "SdlDemo" */ = {
			isa = XCConfigurationList;
			buildConfigurations = (
				B38F3CED2B3478FC00117D7A /* Debug */,
				B38F3CEE2B3478FC00117D7A /* Release */,
			);
			defaultConfigurationIsVisible = 0;
			defaultConfigurationName = Release;
		};
/* End XCConfigurationList section */

/* Begin XCRemoteSwiftPackageReference section */
		B38F3CEF2B34796600117D7A /* XCRemoteSwiftPackageReference "SwiftSDL2" */ = {
			isa = XCRemoteSwiftPackageReference;
			repositoryURL = "https://github.com/ctreffs/SwiftSDL2";
			requirement = {
				kind = upToNextMajorVersion;
				minimumVersion = 1.4.1;
			};
		};
/* End XCRemoteSwiftPackageReference section */

/* Begin XCSwiftPackageProductDependency section */
		B38F3CF02B34796600117D7A /* SDL */ = {
			isa = XCSwiftPackageProductDependency;
			package = B38F3CEF2B34796600117D7A /* XCRemoteSwiftPackageReference "SwiftSDL2" */;
			productName = SDL;
		};
/* End XCSwiftPackageProductDependency section */
	};
	rootObject = B38F3CDD2B3478FC00117D7A /* Project object */;
}
